{
  "version": 4,
  "terraform_version": "0.15.3",
  "serial": 36,
  "lineage": "c57f3344-4fa4-5f90-98e3-a87a1ec98f4f",
  "outputs": {
    "aws_elb_public_dns": {
      "value": "default-api-lb-614812865.us-east-1.elb.amazonaws.com",
      "type": "string"
    },
    "current_env": {
      "value": "default",
      "type": "string"
    },
    "github_user_role": {
      "value": "default-github-ci",
      "type": "string"
    },
    "postgres_endpoint": {
      "value": "default-postgres.cgtgvrev1lfw.us-east-1.rds.amazonaws.com:5432",
      "type": "string"
    }
  },
  "resources": [
    {
      "mode": "data",
      "type": "aws_acm_certificate",
      "name": "quizzer_domain",
      "provider": "provider[\"registry.terraform.io/hashicorp/aws\"]",
      "instances": [
        {
          "schema_version": 0,
          "attributes": {
            "arn": "arn:aws:acm:us-east-1:786054985583:certificate/6505a0d9-9161-4447-a91d-d212af17f9a9",
            "domain": "modaista.in",
            "id": "arn:aws:acm:us-east-1:786054985583:certificate/6505a0d9-9161-4447-a91d-d212af17f9a9",
            "key_types": null,
            "most_recent": true,
            "statuses": null,
            "tags": {},
            "types": [
              "AMAZON_ISSUED"
            ]
          },
          "sensitive_attributes": []
        }
      ]
    },
    {
      "mode": "data",
      "type": "aws_availability_zones",
      "name": "available",
      "provider": "provider[\"registry.terraform.io/hashicorp/aws\"]",
      "instances": [
        {
          "schema_version": 0,
          "attributes": {
            "all_availability_zones": null,
            "exclude_names": null,
            "exclude_zone_ids": null,
            "filter": null,
            "group_names": [
              "us-east-1"
            ],
            "id": "us-east-1",
            "names": [
              "us-east-1a",
              "us-east-1b",
              "us-east-1c",
              "us-east-1d",
              "us-east-1e",
              "us-east-1f"
            ],
            "state": null,
            "zone_ids": [
              "use1-az6",
              "use1-az1",
              "use1-az2",
              "use1-az4",
              "use1-az3",
              "use1-az5"
            ]
          },
          "sensitive_attributes": []
        }
      ]
    },
    {
      "mode": "data",
      "type": "aws_iam_policy_document",
      "name": "quizzer-ecs-policy-doc",
      "provider": "provider[\"registry.terraform.io/hashicorp/aws\"]",
      "instances": [
        {
          "schema_version": 0,
          "attributes": {
            "id": "320642683",
            "json": "{\n  \"Version\": \"2012-10-17\",\n  \"Statement\": [\n    {\n      \"Sid\": \"\",\n      \"Effect\": \"Allow\",\n      \"Action\": \"sts:AssumeRole\",\n      \"Principal\": {\n        \"Service\": \"ecs-tasks.amazonaws.com\"\n      }\n    }\n  ]\n}",
            "override_json": null,
            "override_policy_documents": null,
            "policy_id": null,
            "source_json": null,
            "source_policy_documents": null,
            "statement": [
              {
                "actions": [
                  "sts:AssumeRole"
                ],
                "condition": [],
                "effect": "Allow",
                "not_actions": [],
                "not_principals": [],
                "not_resources": [],
                "principals": [
                  {
                    "identifiers": [
                      "ecs-tasks.amazonaws.com"
                    ],
                    "type": "Service"
                  }
                ],
                "resources": [],
                "sid": ""
              }
            ],
            "version": "2012-10-17"
          },
          "sensitive_attributes": []
        }
      ]
    },
    {
      "mode": "data",
      "type": "aws_route53_zone",
      "name": "domain_zone",
      "provider": "provider[\"registry.terraform.io/hashicorp/aws\"]",
      "instances": [
        {
          "schema_version": 0,
          "attributes": {
            "caller_reference": "33432ceb-f6c4-426f-9454-ecf6b853204a",
            "comment": "",
            "id": "Z02317221ZDDI596HKTII",
            "linked_service_description": null,
            "linked_service_principal": null,
            "name": "modaista.in",
            "name_servers": [
              "ns-1088.awsdns-08.org",
              "ns-1990.awsdns-56.co.uk",
              "ns-672.awsdns-20.net",
              "ns-275.awsdns-34.com"
            ],
            "private_zone": false,
            "resource_record_set_count": 5,
            "tags": {},
            "vpc_id": null,
            "zone_id": "Z02317221ZDDI596HKTII"
          },
          "sensitive_attributes": []
        }
      ]
    },
    {
      "mode": "managed",
      "type": "aws_cloudwatch_log_group",
      "name": "ecs-cloudwatch-log-group",
      "provider": "provider[\"registry.terraform.io/hashicorp/aws\"]",
      "instances": [
        {
          "schema_version": 0,
          "attributes": {
            "arn": "arn:aws:logs:us-east-1:786054985583:log-group:default-ecs-cloudwatch-log-group",
            "id": "default-ecs-cloudwatch-log-group",
            "kms_key_id": "",
            "name": "default-ecs-cloudwatch-log-group",
            "name_prefix": null,
            "retention_in_days": 1,
            "tags": {
              "Environment": "default",
              "ManagedBy": "terraform",
              "Name": "default-ecs-cloudwatch-log-group"
            },
            "tags_all": {
              "Environment": "default",
              "ManagedBy": "terraform",
              "Name": "default-ecs-cloudwatch-log-group"
            }
          },
          "sensitive_attributes": [],
          "private": "bnVsbA=="
        }
      ]
    },
    {
      "mode": "managed",
      "type": "aws_ecr_repository",
      "name": "quizzer-ecr-repo",
      "provider": "provider[\"registry.terraform.io/hashicorp/aws\"]",
      "instances": [
        {
          "schema_version": 0,
          "attributes": {
            "arn": "arn:aws:ecr:us-east-1:786054985583:repository/sample-project-repo",
            "encryption_configuration": [
              {
                "encryption_type": "AES256",
                "kms_key": ""
              }
            ],
            "id": "sample-project-repo",
            "image_scanning_configuration": [
              {
                "scan_on_push": true
              }
            ],
            "image_tag_mutability": "MUTABLE",
            "name": "sample-project-repo",
            "registry_id": "786054985583",
            "repository_url": "786054985583.dkr.ecr.us-east-1.amazonaws.com/sample-project-repo",
            "tags": {
              "Environment": "default",
              "ManagedBy": "terraform",
              "Name": "ecr"
            },
            "tags_all": {
              "Environment": "default",
              "ManagedBy": "terraform",
              "Name": "ecr"
            },
            "timeouts": null
          },
          "sensitive_attributes": [],
          "private": "eyJlMmJmYjczMC1lY2FhLTExZTYtOGY4OC0zNDM2M2JjN2M0YzAiOnsiZGVsZXRlIjoxMjAwMDAwMDAwMDAwfX0="
        }
      ]
    },
    {
      "mode": "managed",
      "type": "aws_ecs_cluster",
      "name": "quizzer-ecs-cluster",
      "provider": "provider[\"registry.terraform.io/hashicorp/aws\"]",
      "instances": [
        {
          "schema_version": 0,
          "attributes": {
            "arn": "arn:aws:ecs:us-east-1:786054985583:cluster/default-quizzer-ecs-cluster",
            "capacity_providers": [],
            "default_capacity_provider_strategy": [],
            "id": "arn:aws:ecs:us-east-1:786054985583:cluster/default-quizzer-ecs-cluster",
            "name": "default-quizzer-ecs-cluster",
            "setting": [
              {
                "name": "containerInsights",
                "value": "enabled"
              }
            ],
            "tags": {
              "Environment": "default",
              "ManagedBy": "terraform",
              "Name": "ecs cluster"
            },
            "tags_all": {
              "Environment": "default",
              "ManagedBy": "terraform",
              "Name": "ecs cluster"
            }
          },
          "sensitive_attributes": [],
          "private": "bnVsbA=="
        }
      ]
    },
    {
      "mode": "managed",
      "type": "aws_ecs_service",
      "name": "quizzer-service",
      "provider": "provider[\"registry.terraform.io/hashicorp/aws\"]",
      "instances": [
        {
          "schema_version": 0,
          "attributes": {
            "capacity_provider_strategy": [],
            "cluster": "arn:aws:ecs:us-east-1:786054985583:cluster/default-quizzer-ecs-cluster",
            "deployment_circuit_breaker": [
              {
                "enable": false,
                "rollback": false
              }
            ],
            "deployment_controller": [
              {
                "type": "ECS"
              }
            ],
            "deployment_maximum_percent": 200,
            "deployment_minimum_healthy_percent": 100,
            "desired_count": 2,
            "enable_ecs_managed_tags": false,
            "enable_execute_command": false,
            "force_new_deployment": null,
            "health_check_grace_period_seconds": 0,
            "iam_role": "aws-service-role",
            "id": "arn:aws:ecs:us-east-1:786054985583:service/default-quizzer-ecs-cluster/default-quizzer-service",
            "launch_type": "FARGATE",
            "load_balancer": [
              {
                "container_name": "quizzer-service",
                "container_port": 8080,
                "elb_name": "",
                "target_group_arn": "arn:aws:elasticloadbalancing:us-east-1:786054985583:targetgroup/default-quizzer-tg/5f4b11fe679b501c"
              }
            ],
            "name": "default-quizzer-service",
            "network_configuration": [
              {
                "assign_public_ip": true,
                "security_groups": [
                  "sg-0506b0ec98a6b38f8"
                ],
                "subnets": [
                  "subnet-04652c49238823010",
                  "subnet-077c10ba02db24d60"
                ]
              }
            ],
            "ordered_placement_strategy": [],
            "placement_constraints": [],
            "platform_version": "LATEST",
            "propagate_tags": "NONE",
            "scheduling_strategy": "REPLICA",
            "service_registries": [],
            "tags": {
              "Environment": "default",
              "ManagedBy": "terraform",
              "Name": "default-quizzer-service"
            },
            "tags_all": {
              "Environment": "default",
              "ManagedBy": "terraform",
              "Name": "default-quizzer-service"
            },
            "task_definition": "arn:aws:ecs:us-east-1:786054985583:task-definition/quizzer-service:2",
            "timeouts": null,
            "wait_for_steady_state": false
          },
          "sensitive_attributes": [],
          "private": "eyJlMmJmYjczMC1lY2FhLTExZTYtOGY4OC0zNDM2M2JjN2M0YzAiOnsiZGVsZXRlIjoxMjAwMDAwMDAwMDAwfX0=",
          "dependencies": [
            "module.rds.aws_security_group.rds-sg",
            "aws_ecs_task_definition.quizzer-td",
            "aws_iam_role.quizzer-ecs-instance-role",
            "aws_iam_role_policy_attachment.quizzer-ecs-rpa",
            "aws_lb_listener.api-listener",
            "data.aws_acm_certificate.quizzer_domain",
            "data.aws_iam_policy_document.quizzer-ecs-policy-doc",
            "aws_cloudwatch_log_group.ecs-cloudwatch-log-group",
            "module.rds.aws_db_subnet_group.postgres-db-subnet-group",
            "aws_ecr_repository.quizzer-ecr-repo",
            "aws_ecs_cluster.quizzer-ecs-cluster",
            "aws_security_group.quizzer-sg",
            "aws_subnet.subnet-1",
            "aws_subnet.subnet-2",
            "aws_vpc.vpc",
            "aws_lb.api-lb",
            "aws_lb_target_group.quizzer-tg",
            "aws_security_group.elb-sg",
            "data.aws_availability_zones.available",
            "module.rds.aws_db_instance.postgres-db"
          ]
        }
      ]
    },
    {
      "mode": "managed",
      "type": "aws_ecs_task_definition",
      "name": "quizzer-td",
      "provider": "provider[\"registry.terraform.io/hashicorp/aws\"]",
      "instances": [
        {
          "schema_version": 1,
          "attributes": {
            "arn": "arn:aws:ecs:us-east-1:786054985583:task-definition/quizzer-service:2",
            "container_definitions": "[{\"cpu\":256,\"environment\":[{\"name\":\"SPRING_DATASOURCE_URL\",\"value\":\"jdbc:postgresql://default-postgres.cgtgvrev1lfw.us-east-1.rds.amazonaws.com:5432/db_quizzer\"}],\"essential\":true,\"image\":\"786054985583.dkr.ecr.us-east-1.amazonaws.com/sample-project-repo:latest\",\"logConfiguration\":{\"logDriver\":\"awslogs\",\"options\":{\"awslogs-group\":\"default-ecs-cloudwatch-log-group\",\"awslogs-region\":\"us-east-1\",\"awslogs-stream-prefix\":\"ecs\"}},\"memory\":1024,\"mountPoints\":[],\"name\":\"quizzer-service\",\"portMappings\":[{\"containerPort\":8080,\"hostPort\":8080,\"protocol\":\"tcp\"}],\"volumesFrom\":[]}]",
            "cpu": "256",
            "execution_role_arn": "arn:aws:iam::786054985583:role/default-quizzer-ecs-instance-role",
            "family": "quizzer-service",
            "id": "quizzer-service",
            "inference_accelerator": [],
            "ipc_mode": "",
            "memory": "1024",
            "network_mode": "awsvpc",
            "pid_mode": "",
            "placement_constraints": [],
            "proxy_configuration": [],
            "requires_compatibilities": [
              "FARGATE"
            ],
            "revision": 2,
            "tags": {
              "Environment": "default",
              "ManagedBy": "terraform",
              "Name": "default-quizzer-td"
            },
            "tags_all": {
              "Environment": "default",
              "ManagedBy": "terraform",
              "Name": "default-quizzer-td"
            },
            "task_role_arn": "",
            "volume": []
          },
          "sensitive_attributes": [],
          "private": "eyJzY2hlbWFfdmVyc2lvbiI6IjEifQ==",
          "dependencies": [
            "aws_subnet.subnet-1",
            "data.aws_availability_zones.available",
            "data.aws_iam_policy_document.quizzer-ecs-policy-doc",
            "module.rds.aws_db_instance.postgres-db",
            "module.rds.aws_security_group.rds-sg",
            "aws_ecr_repository.quizzer-ecr-repo",
            "aws_security_group.elb-sg",
            "aws_security_group.quizzer-sg",
            "aws_subnet.subnet-2",
            "aws_vpc.vpc",
            "module.rds.aws_db_subnet_group.postgres-db-subnet-group",
            "aws_cloudwatch_log_group.ecs-cloudwatch-log-group",
            "aws_iam_role.quizzer-ecs-instance-role"
          ]
        }
      ]
    },
    {
      "mode": "managed",
      "type": "aws_iam_access_key",
      "name": "dev",
      "provider": "provider[\"registry.terraform.io/hashicorp/aws\"]",
      "instances": [
        {
          "schema_version": 0,
          "attributes": {
            "create_date": "2021-06-11T08:58:03Z",
            "encrypted_secret": null,
            "id": "AKIA3OBEHG5X7DMVS5HJ",
            "key_fingerprint": null,
            "pgp_key": null,
            "secret": "C9Wqpfp1quCZ0FVXJJ36sdGTMpVVkE3AqJ+cvYOm",
            "ses_smtp_password_v4": "BAxYx4IinTRFmzmgoKQCoX7ofZ0eP4bQGAU+Uuk2+fLm",
            "status": "Active",
            "user": "default-github-ci"
          },
          "sensitive_attributes": [],
          "private": "bnVsbA==",
          "dependencies": [
            "aws_iam_user.github-ci"
          ]
        }
      ]
    },
    {
      "mode": "managed",
      "type": "aws_iam_instance_profile",
      "name": "quizzer-ecs-instance-profile",
      "provider": "provider[\"registry.terraform.io/hashicorp/aws\"]",
      "instances": [
        {
          "schema_version": 0,
          "attributes": {
            "arn": "arn:aws:iam::786054985583:instance-profile/default-quizzer-ecs-instance-profile",
            "create_date": "2021-06-11T08:58:07Z",
            "id": "default-quizzer-ecs-instance-profile",
            "name": "default-quizzer-ecs-instance-profile",
            "name_prefix": null,
            "path": "/",
            "role": "default-quizzer-ecs-instance-role",
            "tags": {},
            "tags_all": {},
            "unique_id": "AIPA3OBEHG5XRNRWCT4FP"
          },
          "sensitive_attributes": [],
          "private": "bnVsbA==",
          "dependencies": [
            "aws_iam_role.quizzer-ecs-instance-role",
            "data.aws_iam_policy_document.quizzer-ecs-policy-doc"
          ]
        }
      ]
    },
    {
      "mode": "managed",
      "type": "aws_iam_policy",
      "name": "github-ci-access-policy",
      "provider": "provider[\"registry.terraform.io/hashicorp/aws\"]",
      "instances": [
        {
          "schema_version": 0,
          "attributes": {
            "arn": "arn:aws:iam::786054985583:policy/default-github-ci-access-policy",
            "description": "Github CI/CD policy",
            "id": "arn:aws:iam::786054985583:policy/default-github-ci-access-policy",
            "name": "default-github-ci-access-policy",
            "name_prefix": null,
            "path": "/",
            "policy": "{\n  \"Version\": \"2012-10-17\",\n    \"Statement\": [\n    {\n      \"Effect\": \"Allow\",\n      \"Action\": [\n        \"ec2:*\",\n        \"ecr:*\",\n        \"iam:*\",\n        \"kms:*\",\n        \"logs:*\",\n        \"route53:*\"\n      ],\n      \"Resource\": [\n        \"*\"\n      ]\n    }\n  ]\n}\n",
            "policy_id": "ANPA3OBEHG5X463KUWERM",
            "tags": {},
            "tags_all": {}
          },
          "sensitive_attributes": [],
          "private": "bnVsbA=="
        }
      ]
    },
    {
      "mode": "managed",
      "type": "aws_iam_role",
      "name": "quizzer-ecs-instance-role",
      "provider": "provider[\"registry.terraform.io/hashicorp/aws\"]",
      "instances": [
        {
          "schema_version": 0,
          "attributes": {
            "arn": "arn:aws:iam::786054985583:role/default-quizzer-ecs-instance-role",
            "assume_role_policy": "{\"Version\":\"2012-10-17\",\"Statement\":[{\"Sid\":\"\",\"Effect\":\"Allow\",\"Principal\":{\"Service\":\"ecs-tasks.amazonaws.com\"},\"Action\":\"sts:AssumeRole\"}]}",
            "create_date": "2021-06-11T08:58:00Z",
            "description": "",
            "force_detach_policies": false,
            "id": "default-quizzer-ecs-instance-role",
            "inline_policy": [
              {
                "name": "",
                "policy": ""
              }
            ],
            "managed_policy_arns": [
              "arn:aws:iam::aws:policy/service-role/AmazonECSTaskExecutionRolePolicy"
            ],
            "max_session_duration": 3600,
            "name": "default-quizzer-ecs-instance-role",
            "name_prefix": null,
            "path": "/",
            "permissions_boundary": null,
            "tags": {
              "Environment": "default",
              "ManagedBy": "terraform"
            },
            "tags_all": {
              "Environment": "default",
              "ManagedBy": "terraform"
            },
            "unique_id": "AROA3OBEHG5XTZDVSATYY"
          },
          "sensitive_attributes": [],
          "private": "bnVsbA==",
          "dependencies": [
            "data.aws_iam_policy_document.quizzer-ecs-policy-doc"
          ]
        }
      ]
    },
    {
      "mode": "managed",
      "type": "aws_iam_role_policy_attachment",
      "name": "quizzer-ecs-rpa",
      "provider": "provider[\"registry.terraform.io/hashicorp/aws\"]",
      "instances": [
        {
          "schema_version": 0,
          "attributes": {
            "id": "default-quizzer-ecs-instance-role-20210611085807556000000002",
            "policy_arn": "arn:aws:iam::aws:policy/service-role/AmazonECSTaskExecutionRolePolicy",
            "role": "default-quizzer-ecs-instance-role"
          },
          "sensitive_attributes": [],
          "private": "bnVsbA==",
          "dependencies": [
            "data.aws_iam_policy_document.quizzer-ecs-policy-doc",
            "aws_iam_role.quizzer-ecs-instance-role"
          ]
        }
      ]
    },
    {
      "mode": "managed",
      "type": "aws_iam_user",
      "name": "github-ci",
      "provider": "provider[\"registry.terraform.io/hashicorp/aws\"]",
      "instances": [
        {
          "schema_version": 0,
          "attributes": {
            "arn": "arn:aws:iam::786054985583:user/default-github-ci",
            "force_destroy": false,
            "id": "default-github-ci",
            "name": "default-github-ci",
            "path": "/",
            "permissions_boundary": null,
            "tags": {
              "Environment": "default",
              "ManagedBy": "terraform"
            },
            "tags_all": {
              "Environment": "default",
              "ManagedBy": "terraform"
            },
            "unique_id": "AIDA3OBEHG5XVCHNJTNS4"
          },
          "sensitive_attributes": [],
          "private": "bnVsbA=="
        }
      ]
    },
    {
      "mode": "managed",
      "type": "aws_iam_user_policy_attachment",
      "name": "github-ci-policy-attachment",
      "provider": "provider[\"registry.terraform.io/hashicorp/aws\"]",
      "instances": [
        {
          "schema_version": 0,
          "attributes": {
            "id": "default-github-ci-20210611085805687200000001",
            "policy_arn": "arn:aws:iam::786054985583:policy/default-github-ci-access-policy",
            "user": "default-github-ci"
          },
          "sensitive_attributes": [],
          "private": "bnVsbA==",
          "dependencies": [
            "aws_iam_policy.github-ci-access-policy",
            "aws_iam_user.github-ci"
          ]
        }
      ]
    },
    {
      "mode": "managed",
      "type": "aws_internet_gateway",
      "name": "igw",
      "provider": "provider[\"registry.terraform.io/hashicorp/aws\"]",
      "instances": [
        {
          "schema_version": 0,
          "attributes": {
            "arn": "arn:aws:ec2:us-east-1:786054985583:internet-gateway/igw-0d2bdd1d4e145300d",
            "id": "igw-0d2bdd1d4e145300d",
            "owner_id": "786054985583",
            "tags": {
              "Environment": "default",
              "ManagedBy": "terraform",
              "Name": "default-igw"
            },
            "tags_all": {
              "Environment": "default",
              "ManagedBy": "terraform",
              "Name": "default-igw"
            },
            "vpc_id": "vpc-0a2619761e631c775"
          },
          "sensitive_attributes": [],
          "private": "bnVsbA==",
          "dependencies": [
            "aws_vpc.vpc"
          ]
        }
      ]
    },
    {
      "mode": "managed",
      "type": "aws_lb",
      "name": "api-lb",
      "provider": "provider[\"registry.terraform.io/hashicorp/aws\"]",
      "instances": [
        {
          "schema_version": 0,
          "attributes": {
            "access_logs": [
              {
                "bucket": "",
                "enabled": false,
                "prefix": ""
              }
            ],
            "arn": "arn:aws:elasticloadbalancing:us-east-1:786054985583:loadbalancer/app/default-api-lb/2dfe8a1d97f23010",
            "arn_suffix": "app/default-api-lb/2dfe8a1d97f23010",
            "customer_owned_ipv4_pool": "",
            "dns_name": "default-api-lb-614812865.us-east-1.elb.amazonaws.com",
            "drop_invalid_header_fields": false,
            "enable_cross_zone_load_balancing": null,
            "enable_deletion_protection": false,
            "enable_http2": true,
            "id": "arn:aws:elasticloadbalancing:us-east-1:786054985583:loadbalancer/app/default-api-lb/2dfe8a1d97f23010",
            "idle_timeout": 60,
            "internal": false,
            "ip_address_type": "ipv4",
            "load_balancer_type": "application",
            "name": "default-api-lb",
            "name_prefix": null,
            "security_groups": [
              "sg-055a3c6e25e2a6f0d"
            ],
            "subnet_mapping": [
              {
                "allocation_id": "",
                "ipv6_address": "",
                "outpost_id": "",
                "private_ipv4_address": "",
                "subnet_id": "subnet-04652c49238823010"
              },
              {
                "allocation_id": "",
                "ipv6_address": "",
                "outpost_id": "",
                "private_ipv4_address": "",
                "subnet_id": "subnet-077c10ba02db24d60"
              }
            ],
            "subnets": [
              "subnet-04652c49238823010",
              "subnet-077c10ba02db24d60"
            ],
            "tags": {
              "Environment": "default",
              "ManagedBy": "terraform"
            },
            "tags_all": {
              "Environment": "default",
              "ManagedBy": "terraform"
            },
            "timeouts": null,
            "vpc_id": "vpc-0a2619761e631c775",
            "zone_id": "Z35SXDOTRQ7X7K"
          },
          "sensitive_attributes": [],
          "private": "eyJlMmJmYjczMC1lY2FhLTExZTYtOGY4OC0zNDM2M2JjN2M0YzAiOnsiY3JlYXRlIjo2MDAwMDAwMDAwMDAsImRlbGV0ZSI6NjAwMDAwMDAwMDAwLCJ1cGRhdGUiOjYwMDAwMDAwMDAwMH19",
          "dependencies": [
            "aws_subnet.subnet-1",
            "aws_subnet.subnet-2",
            "aws_vpc.vpc",
            "data.aws_availability_zones.available",
            "aws_security_group.elb-sg"
          ]
        }
      ]
    },
    {
      "mode": "managed",
      "type": "aws_lb_listener",
      "name": "api-listener",
      "provider": "provider[\"registry.terraform.io/hashicorp/aws\"]",
      "instances": [
        {
          "schema_version": 0,
          "attributes": {
            "alpn_policy": null,
            "arn": "arn:aws:elasticloadbalancing:us-east-1:786054985583:listener/app/default-api-lb/2dfe8a1d97f23010/bd86b3f4f1f4cb27",
            "certificate_arn": "arn:aws:acm:us-east-1:786054985583:certificate/6505a0d9-9161-4447-a91d-d212af17f9a9",
            "default_action": [
              {
                "authenticate_cognito": [],
                "authenticate_oidc": [],
                "fixed_response": [],
                "forward": [],
                "order": 1,
                "redirect": [],
                "target_group_arn": "arn:aws:elasticloadbalancing:us-east-1:786054985583:targetgroup/default-quizzer-tg/5f4b11fe679b501c",
                "type": "forward"
              }
            ],
            "id": "arn:aws:elasticloadbalancing:us-east-1:786054985583:listener/app/default-api-lb/2dfe8a1d97f23010/bd86b3f4f1f4cb27",
            "load_balancer_arn": "arn:aws:elasticloadbalancing:us-east-1:786054985583:loadbalancer/app/default-api-lb/2dfe8a1d97f23010",
            "port": 443,
            "protocol": "HTTPS",
            "ssl_policy": "ELBSecurityPolicy-2016-08",
            "tags": {},
            "tags_all": {},
            "timeouts": null
          },
          "sensitive_attributes": [],
          "private": "eyJlMmJmYjczMC1lY2FhLTExZTYtOGY4OC0zNDM2M2JjN2M0YzAiOnsicmVhZCI6NjAwMDAwMDAwMDAwfX0=",
          "dependencies": [
            "aws_lb.api-lb",
            "aws_lb_target_group.quizzer-tg",
            "aws_security_group.elb-sg",
            "aws_subnet.subnet-1",
            "aws_subnet.subnet-2",
            "aws_vpc.vpc",
            "data.aws_acm_certificate.quizzer_domain",
            "data.aws_availability_zones.available"
          ]
        }
      ]
    },
    {
      "mode": "managed",
      "type": "aws_lb_listener",
      "name": "http-api-listener",
      "provider": "provider[\"registry.terraform.io/hashicorp/aws\"]",
      "instances": [
        {
          "schema_version": 0,
          "attributes": {
            "alpn_policy": null,
            "arn": "arn:aws:elasticloadbalancing:us-east-1:786054985583:listener/app/default-api-lb/2dfe8a1d97f23010/2933a1645c94dea6",
            "certificate_arn": null,
            "default_action": [
              {
                "authenticate_cognito": [],
                "authenticate_oidc": [],
                "fixed_response": [],
                "forward": [],
                "order": 1,
                "redirect": [
                  {
                    "host": "#{host}",
                    "path": "/#{path}",
                    "port": "443",
                    "protocol": "HTTPS",
                    "query": "#{query}",
                    "status_code": "HTTP_301"
                  }
                ],
                "target_group_arn": "",
                "type": "redirect"
              }
            ],
            "id": "arn:aws:elasticloadbalancing:us-east-1:786054985583:listener/app/default-api-lb/2dfe8a1d97f23010/2933a1645c94dea6",
            "load_balancer_arn": "arn:aws:elasticloadbalancing:us-east-1:786054985583:loadbalancer/app/default-api-lb/2dfe8a1d97f23010",
            "port": 80,
            "protocol": "HTTP",
            "ssl_policy": "",
            "tags": {},
            "tags_all": {},
            "timeouts": null
          },
          "sensitive_attributes": [],
          "private": "eyJlMmJmYjczMC1lY2FhLTExZTYtOGY4OC0zNDM2M2JjN2M0YzAiOnsicmVhZCI6NjAwMDAwMDAwMDAwfX0=",
          "dependencies": [
            "aws_subnet.subnet-1",
            "aws_subnet.subnet-2",
            "aws_vpc.vpc",
            "data.aws_availability_zones.available",
            "aws_lb.api-lb",
            "aws_security_group.elb-sg"
          ]
        }
      ]
    },
    {
      "mode": "managed",
      "type": "aws_lb_target_group",
      "name": "quizzer-tg",
      "provider": "provider[\"registry.terraform.io/hashicorp/aws\"]",
      "instances": [
        {
          "schema_version": 0,
          "attributes": {
            "arn": "arn:aws:elasticloadbalancing:us-east-1:786054985583:targetgroup/default-quizzer-tg/5f4b11fe679b501c",
            "arn_suffix": "targetgroup/default-quizzer-tg/5f4b11fe679b501c",
            "deregistration_delay": 300,
            "health_check": [
              {
                "enabled": true,
                "healthy_threshold": 5,
                "interval": 60,
                "matcher": "200",
                "path": "/actuator/health",
                "port": "traffic-port",
                "protocol": "HTTP",
                "timeout": 30,
                "unhealthy_threshold": 5
              }
            ],
            "id": "arn:aws:elasticloadbalancing:us-east-1:786054985583:targetgroup/default-quizzer-tg/5f4b11fe679b501c",
            "lambda_multi_value_headers_enabled": false,
            "load_balancing_algorithm_type": "round_robin",
            "name": "default-quizzer-tg",
            "name_prefix": null,
            "port": 8080,
            "preserve_client_ip": null,
            "protocol": "HTTP",
            "protocol_version": "HTTP1",
            "proxy_protocol_v2": false,
            "slow_start": 120,
            "stickiness": [
              {
                "cookie_duration": 86400,
                "enabled": false,
                "type": "lb_cookie"
              }
            ],
            "tags": {
              "Environment": "default",
              "ManagedBy": "terraform"
            },
            "tags_all": {
              "Environment": "default",
              "ManagedBy": "terraform"
            },
            "target_type": "ip",
            "vpc_id": "vpc-0a2619761e631c775"
          },
          "sensitive_attributes": [],
          "private": "bnVsbA==",
          "dependencies": [
            "aws_vpc.vpc"
          ]
        }
      ]
    },
    {
      "mode": "managed",
      "type": "aws_route53_record",
      "name": "api",
      "provider": "provider[\"registry.terraform.io/hashicorp/aws\"]",
      "instances": [
        {
          "schema_version": 2,
          "attributes": {
            "alias": [
              {
                "evaluate_target_health": false,
                "name": "default-api-lb-614812865.us-east-1.elb.amazonaws.com",
                "zone_id": "Z35SXDOTRQ7X7K"
              }
            ],
            "allow_overwrite": null,
            "failover_routing_policy": [],
            "fqdn": "default-api.modaista.in",
            "geolocation_routing_policy": [],
            "health_check_id": "",
            "id": "Z02317221ZDDI596HKTII_default-api.modaista.in_A",
            "latency_routing_policy": [],
            "multivalue_answer_routing_policy": null,
            "name": "default-api.modaista.in",
            "records": [],
            "set_identifier": "",
            "ttl": 0,
            "type": "A",
            "weighted_routing_policy": [],
            "zone_id": "Z02317221ZDDI596HKTII"
          },
          "sensitive_attributes": [],
          "private": "eyJzY2hlbWFfdmVyc2lvbiI6IjIifQ==",
          "dependencies": [
            "aws_security_group.elb-sg",
            "aws_subnet.subnet-1",
            "aws_subnet.subnet-2",
            "aws_vpc.vpc",
            "data.aws_availability_zones.available",
            "data.aws_route53_zone.domain_zone",
            "aws_lb.api-lb"
          ]
        }
      ]
    },
    {
      "mode": "managed",
      "type": "aws_route_table",
      "name": "rtb",
      "provider": "provider[\"registry.terraform.io/hashicorp/aws\"]",
      "instances": [
        {
          "schema_version": 0,
          "attributes": {
            "arn": "arn:aws:ec2:us-east-1:786054985583:route-table/rtb-051c002dc6b20c95f",
            "id": "rtb-051c002dc6b20c95f",
            "owner_id": "786054985583",
            "propagating_vgws": [],
            "route": [
              {
                "carrier_gateway_id": "",
                "cidr_block": "0.0.0.0/0",
                "destination_prefix_list_id": "",
                "egress_only_gateway_id": "",
                "gateway_id": "igw-0d2bdd1d4e145300d",
                "instance_id": "",
                "ipv6_cidr_block": "",
                "local_gateway_id": "",
                "nat_gateway_id": "",
                "network_interface_id": "",
                "transit_gateway_id": "",
                "vpc_endpoint_id": "",
                "vpc_peering_connection_id": ""
              }
            ],
            "tags": {
              "Environment": "default",
              "ManagedBy": "terraform",
              "Name": "default-rtb"
            },
            "tags_all": {
              "Environment": "default",
              "ManagedBy": "terraform",
              "Name": "default-rtb"
            },
            "vpc_id": "vpc-0a2619761e631c775"
          },
          "sensitive_attributes": [],
          "private": "bnVsbA==",
          "dependencies": [
            "aws_internet_gateway.igw",
            "aws_vpc.vpc"
          ]
        }
      ]
    },
    {
      "mode": "managed",
      "type": "aws_route_table_association",
      "name": "rta-subnet-1",
      "provider": "provider[\"registry.terraform.io/hashicorp/aws\"]",
      "instances": [
        {
          "schema_version": 0,
          "attributes": {
            "gateway_id": null,
            "id": "rtbassoc-00997739c755593c0",
            "route_table_id": "rtb-051c002dc6b20c95f",
            "subnet_id": "subnet-04652c49238823010"
          },
          "sensitive_attributes": [],
          "private": "bnVsbA==",
          "dependencies": [
            "aws_internet_gateway.igw",
            "aws_route_table.rtb",
            "aws_subnet.subnet-1",
            "aws_vpc.vpc",
            "data.aws_availability_zones.available"
          ]
        }
      ]
    },
    {
      "mode": "managed",
      "type": "aws_route_table_association",
      "name": "rta-subnet-2",
      "provider": "provider[\"registry.terraform.io/hashicorp/aws\"]",
      "instances": [
        {
          "schema_version": 0,
          "attributes": {
            "gateway_id": null,
            "id": "rtbassoc-052b32352fb34f2a3",
            "route_table_id": "rtb-051c002dc6b20c95f",
            "subnet_id": "subnet-077c10ba02db24d60"
          },
          "sensitive_attributes": [],
          "private": "bnVsbA==",
          "dependencies": [
            "aws_internet_gateway.igw",
            "aws_route_table.rtb",
            "aws_subnet.subnet-2",
            "aws_vpc.vpc",
            "data.aws_availability_zones.available"
          ]
        }
      ]
    },
    {
      "mode": "managed",
      "type": "aws_security_group",
      "name": "elb-sg",
      "provider": "provider[\"registry.terraform.io/hashicorp/aws\"]",
      "instances": [
        {
          "schema_version": 1,
          "attributes": {
            "arn": "arn:aws:ec2:us-east-1:786054985583:security-group/sg-055a3c6e25e2a6f0d",
            "description": "Managed by Terraform",
            "egress": [
              {
                "cidr_blocks": [
                  "0.0.0.0/0"
                ],
                "description": "",
                "from_port": 0,
                "ipv6_cidr_blocks": [],
                "prefix_list_ids": [],
                "protocol": "-1",
                "security_groups": [],
                "self": false,
                "to_port": 0
              }
            ],
            "id": "sg-055a3c6e25e2a6f0d",
            "ingress": [
              {
                "cidr_blocks": [
                  "0.0.0.0/0"
                ],
                "description": "",
                "from_port": 443,
                "ipv6_cidr_blocks": [],
                "prefix_list_ids": [],
                "protocol": "tcp",
                "security_groups": [],
                "self": false,
                "to_port": 443
              },
              {
                "cidr_blocks": [
                  "0.0.0.0/0"
                ],
                "description": "",
                "from_port": 80,
                "ipv6_cidr_blocks": [],
                "prefix_list_ids": [],
                "protocol": "tcp",
                "security_groups": [],
                "self": false,
                "to_port": 80
              }
            ],
            "name": "default-elb-sg",
            "name_prefix": "",
            "owner_id": "786054985583",
            "revoke_rules_on_delete": false,
            "tags": {
              "Environment": "default",
              "ManagedBy": "terraform"
            },
            "tags_all": {
              "Environment": "default",
              "ManagedBy": "terraform"
            },
            "timeouts": null,
            "vpc_id": "vpc-0a2619761e631c775"
          },
          "sensitive_attributes": [],
          "private": "eyJlMmJmYjczMC1lY2FhLTExZTYtOGY4OC0zNDM2M2JjN2M0YzAiOnsiY3JlYXRlIjo2MDAwMDAwMDAwMDAsImRlbGV0ZSI6OTAwMDAwMDAwMDAwfSwic2NoZW1hX3ZlcnNpb24iOiIxIn0=",
          "dependencies": [
            "aws_vpc.vpc"
          ]
        }
      ]
    },
    {
      "mode": "managed",
      "type": "aws_security_group",
      "name": "quizzer-sg",
      "provider": "provider[\"registry.terraform.io/hashicorp/aws\"]",
      "instances": [
        {
          "schema_version": 1,
          "attributes": {
            "arn": "arn:aws:ec2:us-east-1:786054985583:security-group/sg-0506b0ec98a6b38f8",
            "description": "Managed by Terraform",
            "egress": [
              {
                "cidr_blocks": [
                  "0.0.0.0/0"
                ],
                "description": "",
                "from_port": 0,
                "ipv6_cidr_blocks": [],
                "prefix_list_ids": [],
                "protocol": "-1",
                "security_groups": [],
                "self": false,
                "to_port": 0
              }
            ],
            "id": "sg-0506b0ec98a6b38f8",
            "ingress": [
              {
                "cidr_blocks": [
                  "0.0.0.0/0"
                ],
                "description": "",
                "from_port": 22,
                "ipv6_cidr_blocks": [],
                "prefix_list_ids": [],
                "protocol": "tcp",
                "security_groups": [],
                "self": false,
                "to_port": 22
              },
              {
                "cidr_blocks": [],
                "description": "",
                "from_port": 8080,
                "ipv6_cidr_blocks": [],
                "prefix_list_ids": [],
                "protocol": "tcp",
                "security_groups": [
                  "sg-055a3c6e25e2a6f0d"
                ],
                "self": false,
                "to_port": 8080
              }
            ],
            "name": "default-quizzer-sg",
            "name_prefix": "",
            "owner_id": "786054985583",
            "revoke_rules_on_delete": false,
            "tags": {
              "Environment": "default",
              "ManagedBy": "terraform"
            },
            "tags_all": {
              "Environment": "default",
              "ManagedBy": "terraform"
            },
            "timeouts": null,
            "vpc_id": "vpc-0a2619761e631c775"
          },
          "sensitive_attributes": [],
          "private": "eyJlMmJmYjczMC1lY2FhLTExZTYtOGY4OC0zNDM2M2JjN2M0YzAiOnsiY3JlYXRlIjo2MDAwMDAwMDAwMDAsImRlbGV0ZSI6OTAwMDAwMDAwMDAwfSwic2NoZW1hX3ZlcnNpb24iOiIxIn0=",
          "dependencies": [
            "aws_security_group.elb-sg",
            "aws_vpc.vpc"
          ]
        }
      ]
    },
    {
      "mode": "managed",
      "type": "aws_subnet",
      "name": "subnet-1",
      "provider": "provider[\"registry.terraform.io/hashicorp/aws\"]",
      "instances": [
        {
          "schema_version": 1,
          "attributes": {
            "arn": "arn:aws:ec2:us-east-1:786054985583:subnet/subnet-04652c49238823010",
            "assign_ipv6_address_on_creation": false,
            "availability_zone": "us-east-1a",
            "availability_zone_id": "use1-az6",
            "cidr_block": "10.1.0.0/24",
            "customer_owned_ipv4_pool": "",
            "id": "subnet-04652c49238823010",
            "ipv6_cidr_block": "",
            "ipv6_cidr_block_association_id": "",
            "map_customer_owned_ip_on_launch": false,
            "map_public_ip_on_launch": true,
            "outpost_arn": "",
            "owner_id": "786054985583",
            "tags": {
              "Environment": "default",
              "ManagedBy": "terraform",
              "Name": "default-subnet-1"
            },
            "tags_all": {
              "Environment": "default",
              "ManagedBy": "terraform",
              "Name": "default-subnet-1"
            },
            "timeouts": null,
            "vpc_id": "vpc-0a2619761e631c775"
          },
          "sensitive_attributes": [],
          "private": "eyJlMmJmYjczMC1lY2FhLTExZTYtOGY4OC0zNDM2M2JjN2M0YzAiOnsiY3JlYXRlIjo2MDAwMDAwMDAwMDAsImRlbGV0ZSI6MTIwMDAwMDAwMDAwMH0sInNjaGVtYV92ZXJzaW9uIjoiMSJ9",
          "dependencies": [
            "aws_vpc.vpc",
            "data.aws_availability_zones.available"
          ]
        }
      ]
    },
    {
      "mode": "managed",
      "type": "aws_subnet",
      "name": "subnet-2",
      "provider": "provider[\"registry.terraform.io/hashicorp/aws\"]",
      "instances": [
        {
          "schema_version": 1,
          "attributes": {
            "arn": "arn:aws:ec2:us-east-1:786054985583:subnet/subnet-077c10ba02db24d60",
            "assign_ipv6_address_on_creation": false,
            "availability_zone": "us-east-1b",
            "availability_zone_id": "use1-az1",
            "cidr_block": "10.1.1.0/24",
            "customer_owned_ipv4_pool": "",
            "id": "subnet-077c10ba02db24d60",
            "ipv6_cidr_block": "",
            "ipv6_cidr_block_association_id": "",
            "map_customer_owned_ip_on_launch": false,
            "map_public_ip_on_launch": true,
            "outpost_arn": "",
            "owner_id": "786054985583",
            "tags": {
              "Environment": "default",
              "ManagedBy": "terraform",
              "Name": "default-subnet-2"
            },
            "tags_all": {
              "Environment": "default",
              "ManagedBy": "terraform",
              "Name": "default-subnet-2"
            },
            "timeouts": null,
            "vpc_id": "vpc-0a2619761e631c775"
          },
          "sensitive_attributes": [],
          "private": "eyJlMmJmYjczMC1lY2FhLTExZTYtOGY4OC0zNDM2M2JjN2M0YzAiOnsiY3JlYXRlIjo2MDAwMDAwMDAwMDAsImRlbGV0ZSI6MTIwMDAwMDAwMDAwMH0sInNjaGVtYV92ZXJzaW9uIjoiMSJ9",
          "dependencies": [
            "aws_vpc.vpc",
            "data.aws_availability_zones.available"
          ]
        }
      ]
    },
    {
      "mode": "managed",
      "type": "aws_vpc",
      "name": "vpc",
      "provider": "provider[\"registry.terraform.io/hashicorp/aws\"]",
      "instances": [
        {
          "schema_version": 1,
          "attributes": {
            "arn": "arn:aws:ec2:us-east-1:786054985583:vpc/vpc-0a2619761e631c775",
            "assign_generated_ipv6_cidr_block": false,
            "cidr_block": "10.1.0.0/16",
            "default_network_acl_id": "acl-0e693fab5f29fba47",
            "default_route_table_id": "rtb-02af8028e7f395638",
            "default_security_group_id": "sg-07c37586809dd3334",
            "dhcp_options_id": "dopt-0174347b",
            "enable_classiclink": false,
            "enable_classiclink_dns_support": false,
            "enable_dns_hostnames": true,
            "enable_dns_support": true,
            "id": "vpc-0a2619761e631c775",
            "instance_tenancy": "default",
            "ipv6_association_id": "",
            "ipv6_cidr_block": "",
            "main_route_table_id": "rtb-02af8028e7f395638",
            "owner_id": "786054985583",
            "tags": {
              "Environment": "default",
              "ManagedBy": "terraform",
              "Name": "default-vpc"
            },
            "tags_all": {
              "Environment": "default",
              "ManagedBy": "terraform",
              "Name": "default-vpc"
            }
          },
          "sensitive_attributes": [],
          "private": "eyJzY2hlbWFfdmVyc2lvbiI6IjEifQ=="
        }
      ]
    },
    {
      "module": "module.rds",
      "mode": "managed",
      "type": "aws_db_instance",
      "name": "postgres-db",
      "provider": "provider[\"registry.terraform.io/hashicorp/aws\"]",
      "instances": [
        {
          "schema_version": 1,
          "attributes": {
            "address": "default-postgres.cgtgvrev1lfw.us-east-1.rds.amazonaws.com",
            "allocated_storage": 5,
            "allow_major_version_upgrade": null,
            "apply_immediately": null,
            "arn": "arn:aws:rds:us-east-1:786054985583:db:default-postgres",
            "auto_minor_version_upgrade": true,
            "availability_zone": "us-east-1a",
            "backup_retention_period": 2,
            "backup_window": "01:00-01:30",
            "ca_cert_identifier": "rds-ca-2019",
            "character_set_name": null,
            "copy_tags_to_snapshot": false,
            "db_subnet_group_name": "default-postgres-db-subnet-group",
            "delete_automated_backups": true,
            "deletion_protection": false,
            "domain": "",
            "domain_iam_role_name": "",
            "enabled_cloudwatch_logs_exports": [],
            "endpoint": "default-postgres.cgtgvrev1lfw.us-east-1.rds.amazonaws.com:5432",
            "engine": "postgres",
            "engine_version": "12.5",
            "final_snapshot_identifier": "postgres-final",
            "hosted_zone_id": "Z2R2ITUGPM61AM",
            "iam_database_authentication_enabled": false,
            "id": "default-postgres",
            "identifier": "default-postgres",
            "identifier_prefix": null,
            "instance_class": "db.t2.micro",
            "iops": 0,
            "kms_key_id": "",
            "latest_restorable_time": "2021-06-12T05:10:37Z",
            "license_model": "postgresql-license",
            "maintenance_window": "sun:03:00-sun:03:30",
            "max_allocated_storage": 0,
            "monitoring_interval": 0,
            "monitoring_role_arn": "",
            "multi_az": true,
            "name": "db_quizzer",
            "option_group_name": "default:postgres-12",
            "parameter_group_name": "default.postgres12",
            "password": "12345678",
            "performance_insights_enabled": false,
            "performance_insights_kms_key_id": "",
            "performance_insights_retention_period": 0,
            "port": 5432,
            "publicly_accessible": true,
            "replicas": [],
            "replicate_source_db": "",
            "resource_id": "db-JPTKHYOSIDVWFIZMP4QKMQ35KU",
            "restore_to_point_in_time": [],
            "s3_import": [],
            "security_group_names": [],
            "skip_final_snapshot": true,
            "snapshot_identifier": null,
            "status": "available",
            "storage_encrypted": false,
            "storage_type": "gp2",
            "tags": {
              "Environment": "default",
              "ManagedBy": "terraform",
              "Name": "default-postgres-db"
            },
            "tags_all": {
              "Environment": "default",
              "ManagedBy": "terraform",
              "Name": "default-postgres-db"
            },
            "timeouts": null,
            "timezone": "",
            "username": "postgres",
            "vpc_security_group_ids": [
              "sg-0037ec2f570e8eff2",
              "sg-0506b0ec98a6b38f8"
            ]
          },
          "sensitive_attributes": [],
          "private": "eyJlMmJmYjczMC1lY2FhLTExZTYtOGY4OC0zNDM2M2JjN2M0YzAiOnsiY3JlYXRlIjoyNDAwMDAwMDAwMDAwLCJkZWxldGUiOjM2MDAwMDAwMDAwMDAsInVwZGF0ZSI6NDgwMDAwMDAwMDAwMH0sInNjaGVtYV92ZXJzaW9uIjoiMSJ9",
          "dependencies": [
            "aws_security_group.quizzer-sg",
            "aws_subnet.subnet-1",
            "aws_subnet.subnet-2",
            "aws_vpc.vpc",
            "data.aws_availability_zones.available",
            "module.rds.aws_db_subnet_group.postgres-db-subnet-group",
            "module.rds.aws_security_group.rds-sg",
            "aws_security_group.elb-sg"
          ]
        }
      ]
    },
    {
      "module": "module.rds",
      "mode": "managed",
      "type": "aws_db_subnet_group",
      "name": "postgres-db-subnet-group",
      "provider": "provider[\"registry.terraform.io/hashicorp/aws\"]",
      "instances": [
        {
          "schema_version": 0,
          "attributes": {
            "arn": "arn:aws:rds:us-east-1:786054985583:subgrp:default-postgres-db-subnet-group",
            "description": "Managed by Terraform",
            "id": "default-postgres-db-subnet-group",
            "name": "default-postgres-db-subnet-group",
            "name_prefix": null,
            "subnet_ids": [
              "subnet-04652c49238823010",
              "subnet-077c10ba02db24d60"
            ],
            "tags": {
              "Environment": "default",
              "ManagedBy": "terraform"
            },
            "tags_all": {
              "Environment": "default",
              "ManagedBy": "terraform"
            }
          },
          "sensitive_attributes": [],
          "private": "bnVsbA==",
          "dependencies": [
            "aws_vpc.vpc",
            "data.aws_availability_zones.available",
            "aws_subnet.subnet-1",
            "aws_subnet.subnet-2"
          ]
        }
      ]
    },
    {
      "module": "module.rds",
      "mode": "managed",
      "type": "aws_security_group",
      "name": "rds-sg",
      "provider": "provider[\"registry.terraform.io/hashicorp/aws\"]",
      "instances": [
        {
          "schema_version": 1,
          "attributes": {
            "arn": "arn:aws:ec2:us-east-1:786054985583:security-group/sg-0037ec2f570e8eff2",
            "description": "Managed by Terraform",
            "egress": [
              {
                "cidr_blocks": [
                  "0.0.0.0/0"
                ],
                "description": "",
                "from_port": 0,
                "ipv6_cidr_blocks": [],
                "prefix_list_ids": [],
                "protocol": "tcp",
                "security_groups": [],
                "self": false,
                "to_port": 65535
              }
            ],
            "id": "sg-0037ec2f570e8eff2",
            "ingress": [
              {
                "cidr_blocks": [
                  "0.0.0.0/0"
                ],
                "description": "",
                "from_port": 5432,
                "ipv6_cidr_blocks": [],
                "prefix_list_ids": [],
                "protocol": "tcp",
                "security_groups": [
                  "sg-0506b0ec98a6b38f8"
                ],
                "self": false,
                "to_port": 5432
              }
            ],
            "name": "default-rds-sg",
            "name_prefix": "",
            "owner_id": "786054985583",
            "revoke_rules_on_delete": false,
            "tags": {
              "Environment": "default",
              "ManagedBy": "terraform"
            },
            "tags_all": {
              "Environment": "default",
              "ManagedBy": "terraform"
            },
            "timeouts": null,
            "vpc_id": "vpc-0a2619761e631c775"
          },
          "sensitive_attributes": [],
          "private": "eyJlMmJmYjczMC1lY2FhLTExZTYtOGY4OC0zNDM2M2JjN2M0YzAiOnsiY3JlYXRlIjo2MDAwMDAwMDAwMDAsImRlbGV0ZSI6OTAwMDAwMDAwMDAwfSwic2NoZW1hX3ZlcnNpb24iOiIxIn0=",
          "dependencies": [
            "aws_security_group.elb-sg",
            "aws_security_group.quizzer-sg",
            "aws_vpc.vpc"
          ]
        }
      ]
    }
  ]
}
